
Microsoft Visual Studio Solution File, Format Version 12.00
# Visual Studio 15
VisualStudioVersion = 15.0.26730.12
MinimumVisualStudioVersion = 10.0.40219.1
Project("{9A19103F-16F7-4668-BE54-9A1E7A4F7556}") = "ICH.Steward.WebAPI", "ICH.Steward.WebAPI\ICH.Steward.WebAPI.csproj", "{EF54C54A-6CCC-4227-864F-DBD95848241B}"
EndProject
Project("{9A19103F-16F7-4668-BE54-9A1E7A4F7556}") = "ICH.Steward.Domain", "ICH.Steward.Domain\ICH.Steward.Domain.csproj", "{345ABECF-12A9-4809-98D0-817D0D74DAEA}"
EndProject
Project("{FAE04EC0-301F-11D3-BF4B-00C04F79EFBC}") = "ICH.Sugar", "ICH.Sugar\ICH.Sugar.csproj", "{4A9DA137-59FD-4E7F-B10F-D4949C8B4177}"
EndProject
Project("{FAE04EC0-301F-11D3-BF4B-00C04F79EFBC}") = "ICH.Core", "ICH.Core\ICH.Core.csproj", "{90EC63FD-31B8-449C-810F-6F6A380F16A3}"
EndProject
Global
	GlobalSection(SolutionConfigurationPlatforms) = preSolution
		Debug|Any CPU = Debug|Any CPU
		Release|Any CPU = Release|Any CPU
	EndGlobalSection
	GlobalSection(ProjectConfigurationPlatforms) = postSolution
		{EF54C54A-6CCC-4227-864F-DBD95848241B}.Debug|Any CPU.ActiveCfg = Debug|Any CPU
		{EF54C54A-6CCC-4227-864F-DBD95848241B}.Debug|Any CPU.Build.0 = Debug|Any CPU
		{EF54C54A-6CCC-4227-864F-DBD95848241B}.Release|Any CPU.ActiveCfg = Release|Any CPU
		{EF54C54A-6CCC-4227-864F-DBD95848241B}.Release|Any CPU.Build.0 = Release|Any CPU
		{345ABECF-12A9-4809-98D0-817D0D74DAEA}.Debug|Any CPU.ActiveCfg = Debug|Any CPU
		{345ABECF-12A9-4809-98D0-817D0D74DAEA}.Debug|Any CPU.Build.0 = Debug|Any CPU
		{345ABECF-12A9-4809-98D0-817D0D74DAEA}.Release|Any CPU.ActiveCfg = Release|Any CPU
		{345ABECF-12A9-4809-98D0-817D0D74DAEA}.Release|Any CPU.Build.0 = Release|Any CPU
		{4A9DA137-59FD-4E7F-B10F-D4949C8B4177}.Debug|Any CPU.ActiveCfg = Debug|Any CPU
		{4A9DA137-59FD-4E7F-B10F-D4949C8B4177}.Debug|Any CPU.Build.0 = Debug|Any CPU
		{4A9DA137-59FD-4E7F-B10F-D4949C8B4177}.Release|Any CPU.ActiveCfg = Release|Any CPU
		{4A9DA137-59FD-4E7F-B10F-D4949C8B4177}.Release|Any CPU.Build.0 = Release|Any CPU
		{90EC63FD-31B8-449C-810F-6F6A380F16A3}.Debug|Any CPU.ActiveCfg = Debug|Any CPU
		{90EC63FD-31B8-449C-810F-6F6A380F16A3}.Debug|Any CPU.Build.0 = Debug|Any CPU
		{90EC63FD-31B8-449C-810F-6F6A380F16A3}.Release|Any CPU.ActiveCfg = Release|Any CPU
		{90EC63FD-31B8-449C-810F-6F6A380F16A3}.Release|Any CPU.Build.0 = Release|Any CPU
	EndGlobalSection
	GlobalSection(SolutionProperties) = preSolution
		HideSolutionNode = FALSE
	EndGlobalSection
	GlobalSection(ExtensibilityGlobals) = postSolution
		SolutionGuid = {A8BE375D-56A4-4215-A4B3-BAC5A0442AA6}
	EndGlobalSection
EndGlobal
